
Microsoft Visual Studio Solution File, Format Version 12.00
# Visual Studio Version 17
VisualStudioVersion = 17.8.34322.80
MinimumVisualStudioVersion = 10.0.40219.1
Project("{9A19103F-16F7-4668-BE54-9A1E7A4F7556}") = "Sprint1", "Sprint1\Sprint1.csproj", "{98B191C8-73DB-44A0-9DCA-7FE106E5E2FF}"
EndProject
Global
	GlobalSection(SolutionConfigurationPlatforms) = preSolution
		Debug|Any CPU = Debug|Any CPU
		Release|Any CPU = Release|Any CPU
	EndGlobalSection
	GlobalSection(ProjectConfigurationPlatforms) = postSolution
		{98B191C8-73DB-44A0-9DCA-7FE106E5E2FF}.Debug|Any CPU.ActiveCfg = Debug|Any CPU
		{98B191C8-73DB-44A0-9DCA-7FE106E5E2FF}.Debug|Any CPU.Build.0 = Debug|Any CPU
		{98B191C8-73DB-44A0-9DCA-7FE106E5E2FF}.Release|Any CPU.ActiveCfg = Release|Any CPU
		{98B191C8-73DB-44A0-9DCA-7FE106E5E2FF}.Release|Any CPU.Build.0 = Release|Any CPU
	EndGlobalSection
	GlobalSection(SolutionProperties) = preSolution
		HideSolutionNode = FALSE
	EndGlobalSection
	GlobalSection(ExtensibilityGlobals) = postSolution
		SolutionGuid = {88FDA7F0-56FC-43A9-BA88-A2A834838A1C}
	EndGlobalSection
EndGlobal
